
Microsoft Visual Studio Solution File, Format Version 12.00
# Visual Studio Version 17
VisualStudioVersion = 17.14.36908.2 d17.14
MinimumVisualStudioVersion = 10.0.40219.1
Project("{FAE04EC0-301F-11D3-BF4B-00C04F79EFBC}") = "ThingWorxDeploymentUtility", "ThingWorxDeploymentUtility.csproj", "{43A161C4-7232-4E3C-B055-935ACFF8DFA1}"
EndProject
Global
	GlobalSection(SolutionConfigurationPlatforms) = preSolution
		Debug|Any CPU = Debug|Any CPU
		Release|Any CPU = Release|Any CPU
	EndGlobalSection
	GlobalSection(ProjectConfigurationPlatforms) = postSolution
		{43A161C4-7232-4E3C-B055-935ACFF8DFA1}.Debug|Any CPU.ActiveCfg = Debug|Any CPU
		{43A161C4-7232-4E3C-B055-935ACFF8DFA1}.Debug|Any CPU.Build.0 = Debug|Any CPU
		{43A161C4-7232-4E3C-B055-935ACFF8DFA1}.Release|Any CPU.ActiveCfg = Release|Any CPU
		{43A161C4-7232-4E3C-B055-935ACFF8DFA1}.Release|Any CPU.Build.0 = Release|Any CPU
	EndGlobalSection
	GlobalSection(SolutionProperties) = preSolution
		HideSolutionNode = FALSE
	EndGlobalSection
	GlobalSection(ExtensibilityGlobals) = postSolution
		SolutionGuid = {322C25E3-7482-4CD5-896C-A0CE40471140}
	EndGlobalSection
EndGlobal
